
Microsoft Visual Studio Solution File, Format Version 12.00
# Visual Studio 15
VisualStudioVersion = 15.0.27428.2011
MinimumVisualStudioVersion = 10.0.40219.1
Project("{FAE04EC0-301F-11D3-BF4B-00C04F79EFBC}") = "Diacritics", "Diacritics\Diacritics.csproj", "{CBA31ECF-3D41-4AF0-B966-7815F2AD25E9}"
EndProject
Project("{FAE04EC0-301F-11D3-BF4B-00C04F79EFBC}") = "Diacritics.NuGet", "Diacritics.NuGet\Diacritics.NuGet.csproj", "{2CF5E868-1098-4C6D-9001-27D8DC0D87BE}"
	ProjectSection(ProjectDependencies) = postProject
		{5574F7BE-29F8-4CD6-93F6-C6D7CDB15B7D} = {5574F7BE-29F8-4CD6-93F6-C6D7CDB15B7D}
		{7DA72CC0-ABF7-41F5-BF29-8D8886916DE9} = {7DA72CC0-ABF7-41F5-BF29-8D8886916DE9}
		{CBA31ECF-3D41-4AF0-B966-7815F2AD25E9} = {CBA31ECF-3D41-4AF0-B966-7815F2AD25E9}
	EndProjectSection
EndProject
Project("{2150E333-8FDC-42A3-9474-1A3956D46DE8}") = "nuget", "nuget", "{BDCBE467-1A49-4483-BFFC-80BC240F74FF}"
EndProject
Project("{FAE04EC0-301F-11D3-BF4B-00C04F79EFBC}") = "Diacritics.Net45", "Diacritics.Net45\Diacritics.Net45.csproj", "{5574F7BE-29F8-4CD6-93F6-C6D7CDB15B7D}"
EndProject
Project("{D954291E-2A0B-460D-934E-DC6B0785DB48}") = "Diacritics.Shared", "Diacritics.Shared\Diacritics.Shared.shproj", "{6E0AA8C3-1B54-4DF5-99D2-2DCA3A6F5190}"
EndProject
Project("{9A19103F-16F7-4668-BE54-9A1E7A4F7556}") = "Diacritics.NetStandard", "Diacritics.NetStandard\Diacritics.NetStandard.csproj", "{7DA72CC0-ABF7-41F5-BF29-8D8886916DE9}"
EndProject
Project("{2150E333-8FDC-42A3-9474-1A3956D46DE8}") = "Tests", "Tests", "{82C933E0-5F3A-46DD-BE18-233590F11503}"
EndProject
Project("{FAE04EC0-301F-11D3-BF4B-00C04F79EFBC}") = "Diacritics.Tests", "Tests\Diacritics.Tests\Diacritics.Tests.csproj", "{D8F20DC2-E69A-4432-A68B-FD4A8232BA43}"
EndProject
Global
	GlobalSection(SharedMSBuildProjectFiles) = preSolution
		Diacritics.Shared\Diacritics.Shared.projitems*{5574f7be-29f8-4cd6-93f6-c6d7cdb15b7d}*SharedItemsImports = 4
		Diacritics.Shared\Diacritics.Shared.projitems*{6e0aa8c3-1b54-4df5-99d2-2dca3a6f5190}*SharedItemsImports = 13
		Diacritics.Shared\Diacritics.Shared.projitems*{cba31ecf-3d41-4af0-b966-7815f2ad25e9}*SharedItemsImports = 4
	EndGlobalSection
	GlobalSection(SolutionConfigurationPlatforms) = preSolution
		Debug|Any CPU = Debug|Any CPU
		Release|Any CPU = Release|Any CPU
	EndGlobalSection
	GlobalSection(ProjectConfigurationPlatforms) = postSolution
		{CBA31ECF-3D41-4AF0-B966-7815F2AD25E9}.Debug|Any CPU.ActiveCfg = Debug|Any CPU
		{CBA31ECF-3D41-4AF0-B966-7815F2AD25E9}.Debug|Any CPU.Build.0 = Debug|Any CPU
		{CBA31ECF-3D41-4AF0-B966-7815F2AD25E9}.Release|Any CPU.ActiveCfg = Release|Any CPU
		{CBA31ECF-3D41-4AF0-B966-7815F2AD25E9}.Release|Any CPU.Build.0 = Release|Any CPU
		{2CF5E868-1098-4C6D-9001-27D8DC0D87BE}.Debug|Any CPU.ActiveCfg = Debug|Any CPU
		{2CF5E868-1098-4C6D-9001-27D8DC0D87BE}.Debug|Any CPU.Build.0 = Debug|Any CPU
		{2CF5E868-1098-4C6D-9001-27D8DC0D87BE}.Release|Any CPU.ActiveCfg = Release|Any CPU
		{2CF5E868-1098-4C6D-9001-27D8DC0D87BE}.Release|Any CPU.Build.0 = Release|Any CPU
		{5574F7BE-29F8-4CD6-93F6-C6D7CDB15B7D}.Debug|Any CPU.ActiveCfg = Debug|Any CPU
		{5574F7BE-29F8-4CD6-93F6-C6D7CDB15B7D}.Debug|Any CPU.Build.0 = Debug|Any CPU
		{5574F7BE-29F8-4CD6-93F6-C6D7CDB15B7D}.Release|Any CPU.ActiveCfg = Release|Any CPU
		{5574F7BE-29F8-4CD6-93F6-C6D7CDB15B7D}.Release|Any CPU.Build.0 = Release|Any CPU
		{7DA72CC0-ABF7-41F5-BF29-8D8886916DE9}.Debug|Any CPU.ActiveCfg = Debug|Any CPU
		{7DA72CC0-ABF7-41F5-BF29-8D8886916DE9}.Debug|Any CPU.Build.0 = Debug|Any CPU
		{7DA72CC0-ABF7-41F5-BF29-8D8886916DE9}.Release|Any CPU.ActiveCfg = Release|Any CPU
		{7DA72CC0-ABF7-41F5-BF29-8D8886916DE9}.Release|Any CPU.Build.0 = Release|Any CPU
		{D8F20DC2-E69A-4432-A68B-FD4A8232BA43}.Debug|Any CPU.ActiveCfg = Debug|Any CPU
		{D8F20DC2-E69A-4432-A68B-FD4A8232BA43}.Debug|Any CPU.Build.0 = Debug|Any CPU
		{D8F20DC2-E69A-4432-A68B-FD4A8232BA43}.Release|Any CPU.ActiveCfg = Release|Any CPU
		{D8F20DC2-E69A-4432-A68B-FD4A8232BA43}.Release|Any CPU.Build.0 = Release|Any CPU
	EndGlobalSection
	GlobalSection(SolutionProperties) = preSolution
		HideSolutionNode = FALSE
	EndGlobalSection
	GlobalSection(NestedProjects) = preSolution
		{2CF5E868-1098-4C6D-9001-27D8DC0D87BE} = {BDCBE467-1A49-4483-BFFC-80BC240F74FF}
		{D8F20DC2-E69A-4432-A68B-FD4A8232BA43} = {82C933E0-5F3A-46DD-BE18-233590F11503}
	EndGlobalSection
	GlobalSection(ExtensibilityGlobals) = postSolution
		SolutionGuid = {46294172-BC59-4710-8105-CF322C619EA8}
	EndGlobalSection
EndGlobal
